
Microsoft Visual Studio Solution File, Format Version 12.00
# Visual Studio Version 17
VisualStudioVersion = 17.3.32901.215
MinimumVisualStudioVersion = 10.0.40219.1
Project("{FAE04EC0-301F-11D3-BF4B-00C04F79EFBC}") = "Encapsulation", "Encapsulation\Encapsulation.csproj", "{EEE07BC1-9CF9-4BAD-B019-4718CADD8398}"
EndProject
Global
	GlobalSection(SolutionConfigurationPlatforms) = preSolution
		Debug|Any CPU = Debug|Any CPU
		Release|Any CPU = Release|Any CPU
	EndGlobalSection
	GlobalSection(ProjectConfigurationPlatforms) = postSolution
		{EEE07BC1-9CF9-4BAD-B019-4718CADD8398}.Debug|Any CPU.ActiveCfg = Debug|Any CPU
		{EEE07BC1-9CF9-4BAD-B019-4718CADD8398}.Debug|Any CPU.Build.0 = Debug|Any CPU
		{EEE07BC1-9CF9-4BAD-B019-4718CADD8398}.Release|Any CPU.ActiveCfg = Release|Any CPU
		{EEE07BC1-9CF9-4BAD-B019-4718CADD8398}.Release|Any CPU.Build.0 = Release|Any CPU
	EndGlobalSection
	GlobalSection(SolutionProperties) = preSolution
		HideSolutionNode = FALSE
	EndGlobalSection
	GlobalSection(ExtensibilityGlobals) = postSolution
		SolutionGuid = {4C069D9A-A019-485A-A3E1-E82ECFF24F44}
	EndGlobalSection
EndGlobal
